
Microsoft Visual Studio Solution File, Format Version 12.00
# Visual Studio Version 16
VisualStudioVersion = 16.0.30907.101
MinimumVisualStudioVersion = 10.0.40219.1
Project("{FAE04EC0-301F-11D3-BF4B-00C04F79EFBC}") = "TIENDA1", "TIENDA1\TIENDA1.csproj", "{DAD37263-0895-4065-9CF6-DEAF07616EF3}"
EndProject
Global
	GlobalSection(SolutionConfigurationPlatforms) = preSolution
		Debug|Any CPU = Debug|Any CPU
		Release|Any CPU = Release|Any CPU
	EndGlobalSection
	GlobalSection(ProjectConfigurationPlatforms) = postSolution
		{DAD37263-0895-4065-9CF6-DEAF07616EF3}.Debug|Any CPU.ActiveCfg = Debug|Any CPU
		{DAD37263-0895-4065-9CF6-DEAF07616EF3}.Debug|Any CPU.Build.0 = Debug|Any CPU
		{DAD37263-0895-4065-9CF6-DEAF07616EF3}.Release|Any CPU.ActiveCfg = Release|Any CPU
		{DAD37263-0895-4065-9CF6-DEAF07616EF3}.Release|Any CPU.Build.0 = Release|Any CPU
	EndGlobalSection
	GlobalSection(SolutionProperties) = preSolution
		HideSolutionNode = FALSE
	EndGlobalSection
	GlobalSection(ExtensibilityGlobals) = postSolution
		SolutionGuid = {97CD8D47-6E9A-44B0-8CED-AA03FC3C50FE}
	EndGlobalSection
EndGlobal
